
Microsoft Visual Studio Solution File, Format Version 12.00
# Visual Studio 15
VisualStudioVersion = 15.0.27703.2042
MinimumVisualStudioVersion = 10.0.40219.1
Project("{FAE04EC0-301F-11D3-BF4B-00C04F79EFBC}") = "KeyCrackTest1", "KeyCrackTest1\KeyCrackTest1.csproj", "{63069EDB-02E5-42E0-B516-DD918C1FA7EF}"
EndProject
Global
	GlobalSection(SolutionConfigurationPlatforms) = preSolution
		Debug|Any CPU = Debug|Any CPU
		Release|Any CPU = Release|Any CPU
	EndGlobalSection
	GlobalSection(ProjectConfigurationPlatforms) = postSolution
		{63069EDB-02E5-42E0-B516-DD918C1FA7EF}.Debug|Any CPU.ActiveCfg = Debug|Any CPU
		{63069EDB-02E5-42E0-B516-DD918C1FA7EF}.Debug|Any CPU.Build.0 = Debug|Any CPU
		{63069EDB-02E5-42E0-B516-DD918C1FA7EF}.Release|Any CPU.ActiveCfg = Release|Any CPU
		{63069EDB-02E5-42E0-B516-DD918C1FA7EF}.Release|Any CPU.Build.0 = Release|Any CPU
	EndGlobalSection
	GlobalSection(SolutionProperties) = preSolution
		HideSolutionNode = FALSE
	EndGlobalSection
	GlobalSection(ExtensibilityGlobals) = postSolution
		SolutionGuid = {3F0E3493-BFD6-4D28-A49F-7D987889EE3A}
	EndGlobalSection
EndGlobal
